
Microsoft Visual Studio Solution File, Format Version 12.00
# Visual Studio Version 17
VisualStudioVersion = 17.13.35617.110
MinimumVisualStudioVersion = 10.0.40219.1
Project("{FAE04EC0-301F-11D3-BF4B-00C04F79EFBC}") = "MGDistributedLoggingSystem", "MGDistributedLoggingSystem\MGDistributedLoggingSystem.csproj", "{927ABF87-3D96-454D-824D-146D53B32133}"
EndProject
Global
	GlobalSection(SolutionConfigurationPlatforms) = preSolution
		Debug|Any CPU = Debug|Any CPU
		Release|Any CPU = Release|Any CPU
	EndGlobalSection
	GlobalSection(ProjectConfigurationPlatforms) = postSolution
		{927ABF87-3D96-454D-824D-146D53B32133}.Debug|Any CPU.ActiveCfg = Debug|Any CPU
		{927ABF87-3D96-454D-824D-146D53B32133}.Debug|Any CPU.Build.0 = Debug|Any CPU
		{927ABF87-3D96-454D-824D-146D53B32133}.Release|Any CPU.ActiveCfg = Release|Any CPU
		{927ABF87-3D96-454D-824D-146D53B32133}.Release|Any CPU.Build.0 = Release|Any CPU
	EndGlobalSection
	GlobalSection(SolutionProperties) = preSolution
		HideSolutionNode = FALSE
	EndGlobalSection
	GlobalSection(ExtensibilityGlobals) = postSolution
		SolutionGuid = {7E76FAB1-54FC-4DE1-B381-105A8C01B234}
	EndGlobalSection
EndGlobal
